{
  "name": "ajsnode",
  "version": "1.0.0",
  "lockfileVersion": 3,
  "requires": true,
  "packages": {
    "": {
      "name": "ajsnode",
      "version": "1.0.0",
      "license": "ISC",
      "dependencies": {
        "@juliaivi/ajs": "^2.0.2"
      }
    },
    "node_modules/@juliaivi/ajs": {
      "version": "2.0.2",
      "resolved": "https://npm.pkg.github.com/download/@juliaivi/ajs/2.0.2/8901a8e5933f2948b89efc0ef0455ab4306e33a0",
      "integrity": "sha512-fKPETZIMvqAIBbDJbDREYEmsOV8d08oxXfzCnq5T/eNScX6Gb6QRU8bd8KS6wCpuAwIJsCHIgbBwoYQ/Dt6+mQ==",
      "license": "ISC"
    }
  }
}
